// !$*UTF8*$!
{
	archiveVersion = 1;
	classes = {
	};
	objectVersion = 46;
	objects = {

/* Begin PBXBuildFile section */
		264195101E73BAC900D16C95 /* AppDelegate.swift in Sources */ = {isa = PBXBuildFile; fileRef = 2641950F1E73BAC900D16C95 /* AppDelegate.swift */; };
		264195121E73BAC900D16C95 /* ViewController.swift in Sources */ = {isa = PBXBuildFile; fileRef = 264195111E73BAC900D16C95 /* ViewController.swift */; };
		264195151E73BAC900D16C95 /* Main.storyboard in Resources */ = {isa = PBXBuildFile; fileRef = 264195131E73BAC900D16C95 /* Main.storyboard */; };
		264195171E73BAC900D16C95 /* Assets.xcassets in Resources */ = {isa = PBXBuildFile; fileRef = 264195161E73BAC900D16C95 /* Assets.xcassets */; };
		2641951A1E73BAC900D16C95 /* LaunchScreen.storyboard in Resources */ = {isa = PBXBuildFile; fileRef = 264195181E73BAC900D16C95 /* LaunchScreen.storyboard */; };
		264195251E73BACA00D16C95 /* ItsLitstagramTests.swift in Sources */ = {isa = PBXBuildFile; fileRef = 264195241E73BACA00D16C95 /* ItsLitstagramTests.swift */; };
		264195301E73BACA00D16C95 /* ItsLitstagramUITests.swift in Sources */ = {isa = PBXBuildFile; fileRef = 2641952F1E73BACA00D16C95 /* ItsLitstagramUITests.swift */; };
/* End PBXBuildFile section */

/* Begin PBXContainerItemProxy section */
		264195211E73BACA00D16C95 /* PBXContainerItemProxy */ = {
			isa = PBXContainerItemProxy;
			containerPortal = 264195041E73BAC900D16C95 /* Project object */;
			proxyType = 1;
			remoteGlobalIDString = 2641950B1E73BAC900D16C95;
			remoteInfo = ItsLitstagram;
		};
		2641952C1E73BACA00D16C95 /* PBXContainerItemProxy */ = {
			isa = PBXContainerItemProxy;
			containerPortal = 264195041E73BAC900D16C95 /* Project object */;
			proxyType = 1;
			remoteGlobalIDString = 2641950B1E73BAC900D16C95;
			remoteInfo = ItsLitstagram;
		};
/* End PBXContainerItemProxy section */

/* Begin PBXFileReference section */
		2641950C1E73BAC900D16C95 /* ItsLitstagram.app */ = {isa = PBXFileReference; explicitFileType = wrapper.application; includeInIndex = 0; path = ItsLitstagram.app; sourceTree = BUILT_PRODUCTS_DIR; };
		2641950F1E73BAC900D16C95 /* AppDelegate.swift */ = {isa = PBXFileReference; lastKnownFileType = sourcecode.swift; path = AppDelegate.swift; sourceTree = "<group>"; };
		264195111E73BAC900D16C95 /* ViewController.swift */ = {isa = PBXFileReference; lastKnownFileType = sourcecode.swift; path = ViewController.swift; sourceTree = "<group>"; };
		264195141E73BAC900D16C95 /* Base */ = {isa = PBXFileReference; lastKnownFileType = file.storyboard; name = Base; path = Base.lproj/Main.storyboard; sourceTree = "<group>"; };
		264195161E73BAC900D16C95 /* Assets.xcassets */ = {isa = PBXFileReference; lastKnownFileType = folder.assetcatalog; path = Assets.xcassets; sourceTree = "<group>"; };
		264195191E73BAC900D16C95 /* Base */ = {isa = PBXFileReference; lastKnownFileType = file.storyboard; name = Base; path = Base.lproj/LaunchScreen.storyboard; sourceTree = "<group>"; };
		2641951B1E73BAC900D16C95 /* Info.plist */ = {isa = PBXFileReference; lastKnownFileType = text.plist.xml; path = Info.plist; sourceTree = "<group>"; };
		264195201E73BACA00D16C95 /* ItsLitstagramTests.xctest */ = {isa = PBXFileReference; explicitFileType = wrapper.cfbundle; includeInIndex = 0; path = ItsLitstagramTests.xctest; sourceTree = BUILT_PRODUCTS_DIR; };
		264195241E73BACA00D16C95 /* ItsLitstagramTests.swift */ = {isa = PBXFileReference; lastKnownFileType = sourcecode.swift; path = ItsLitstagramTests.swift; sourceTree = "<group>"; };
		264195261E73BACA00D16C95 /* Info.plist */ = {isa = PBXFileReference; lastKnownFileType = text.plist.xml; path = Info.plist; sourceTree = "<group>"; };
		2641952B1E73BACA00D16C95 /* ItsLitstagramUITests.xctest */ = {isa = PBXFileReference; explicitFileType = wrapper.cfbundle; includeInIndex = 0; path = ItsLitstagramUITests.xctest; sourceTree = BUILT_PRODUCTS_DIR; };
		2641952F1E73BACA00D16C95 /* ItsLitstagramUITests.swift */ = {isa = PBXFileReference; lastKnownFileType = sourcecode.swift; path = ItsLitstagramUITests.swift; sourceTree = "<group>"; };
		264195311E73BACA00D16C95 /* Info.plist */ = {isa = PBXFileReference; lastKnownFileType = text.plist.xml; path = Info.plist; sourceTree = "<group>"; };
/* End PBXFileReference section */

/* Begin PBXFrameworksBuildPhase section */
		264195091E73BAC900D16C95 /* Frameworks */ = {
			isa = PBXFrameworksBuildPhase;
			buildActionMask = 2147483647;
			files = (
			);
			runOnlyForDeploymentPostprocessing = 0;
		};
		2641951D1E73BACA00D16C95 /* Frameworks */ = {
			isa = PBXFrameworksBuildPhase;
			buildActionMask = 2147483647;
			files = (
			);
			runOnlyForDeploymentPostprocessing = 0;
		};
		264195281E73BACA00D16C95 /* Frameworks */ = {
			isa = PBXFrameworksBuildPhase;
			buildActionMask = 2147483647;
			files = (
			);
			runOnlyForDeploymentPostprocessing = 0;
		};
/* End PBXFrameworksBuildPhase section */

/* Begin PBXGroup section */
		264195031E73BAC900D16C95 = {
			isa = PBXGroup;
			children = (
				2641950E1E73BAC900D16C95 /* ItsLitstagram */,
				264195231E73BACA00D16C95 /* ItsLitstagramTests */,
				2641952E1E73BACA00D16C95 /* ItsLitstagramUITests */,
				2641950D1E73BAC900D16C95 /* Products */,
			);
			sourceTree = "<group>";
		};
		2641950D1E73BAC900D16C95 /* Products */ = {
			isa = PBXGroup;
			children = (
				2641950C1E73BAC900D16C95 /* ItsLitstagram.app */,
				264195201E73BACA00D16C95 /* ItsLitstagramTests.xctest */,
				2641952B1E73BACA00D16C95 /* ItsLitstagramUITests.xctest */,
			);
			name = Products;
			sourceTree = "<group>";
		};
		2641950E1E73BAC900D16C95 /* ItsLitstagram */ = {
			isa = PBXGroup;
			children = (
				2641950F1E73BAC900D16C95 /* AppDelegate.swift */,
				264195111E73BAC900D16C95 /* ViewController.swift */,
				264195131E73BAC900D16C95 /* Main.storyboard */,
				264195161E73BAC900D16C95 /* Assets.xcassets */,
				264195181E73BAC900D16C95 /* LaunchScreen.storyboard */,
				2641951B1E73BAC900D16C95 /* Info.plist */,
			);
			path = ItsLitstagram;
			sourceTree = "<group>";
		};
		264195231E73BACA00D16C95 /* ItsLitstagramTests */ = {
			isa = PBXGroup;
			children = (
				264195241E73BACA00D16C95 /* ItsLitstagramTests.swift */,
				264195261E73BACA00D16C95 /* Info.plist */,
			);
			path = ItsLitstagramTests;
			sourceTree = "<group>";
		};
		2641952E1E73BACA00D16C95 /* ItsLitstagramUITests */ = {
			isa = PBXGroup;
			children = (
				2641952F1E73BACA00D16C95 /* ItsLitstagramUITests.swift */,
				264195311E73BACA00D16C95 /* Info.plist */,
			);
			path = ItsLitstagramUITests;
			sourceTree = "<group>";
		};
/* End PBXGroup section */

/* Begin PBXNativeTarget section */
		2641950B1E73BAC900D16C95 /* ItsLitstagram */ = {
			isa = PBXNativeTarget;
			buildConfigurationList = 264195341E73BACA00D16C95 /* Build configuration list for PBXNativeTarget "ItsLitstagram" */;
			buildPhases = (
				264195081E73BAC900D16C95 /* Sources */,
				264195091E73BAC900D16C95 /* Frameworks */,
				2641950A1E73BAC900D16C95 /* Resources */,
			);
			buildRules = (
			);
			dependencies = (
			);
			name = ItsLitstagram;
			productName = ItsLitstagram;
			productReference = 2641950C1E73BAC900D16C95 /* ItsLitstagram.app */;
			productType = "com.apple.product-type.application";
		};
		2641951F1E73BACA00D16C95 /* ItsLitstagramTests */ = {
			isa = PBXNativeTarget;
			buildConfigurationList = 264195371E73BACA00D16C95 /* Build configuration list for PBXNativeTarget "ItsLitstagramTests" */;
			buildPhases = (
				2641951C1E73BACA00D16C95 /* Sources */,
				2641951D1E73BACA00D16C95 /* Frameworks */,
				2641951E1E73BACA00D16C95 /* Resources */,
			);
			buildRules = (
			);
			dependencies = (
				264195221E73BACA00D16C95 /* PBXTargetDependency */,
			);
			name = ItsLitstagramTests;
			productName = ItsLitstagramTests;
			productReference = 264195201E73BACA00D16C95 /* ItsLitstagramTests.xctest */;
			productType = "com.apple.product-type.bundle.unit-test";
		};
		2641952A1E73BACA00D16C95 /* ItsLitstagramUITests */ = {
			isa = PBXNativeTarget;
			buildConfigurationList = 2641953A1E73BACA00D16C95 /* Build configuration list for PBXNativeTarget "ItsLitstagramUITests" */;
			buildPhases = (
				264195271E73BACA00D16C95 /* Sources */,
				264195281E73BACA00D16C95 /* Frameworks */,
				264195291E73BACA00D16C95 /* Resources */,
			);
			buildRules = (
			);
			dependencies = (
				2641952D1E73BACA00D16C95 /* PBXTargetDependency */,
			);
			name = ItsLitstagramUITests;
			productName = ItsLitstagramUITests;
			productReference = 2641952B1E73BACA00D16C95 /* ItsLitstagramUITests.xctest */;
			productType = "com.apple.product-type.bundle.ui-testing";
		};
/* End PBXNativeTarget section */

/* Begin PBXProject section */
		264195041E73BAC900D16C95 /* Project object */ = {
			isa = PBXProject;
			attributes = {
				LastSwiftUpdateCheck = 0800;
				LastUpgradeCheck = 0800;
				ORGANIZATIONNAME = "Sarah Gemperle";
				TargetAttributes = {
					2641950B1E73BAC900D16C95 = {
						CreatedOnToolsVersion = 8.0;
						ProvisioningStyle = Automatic;
					};
					2641951F1E73BACA00D16C95 = {
						CreatedOnToolsVersion = 8.0;
						ProvisioningStyle = Automatic;
						TestTargetID = 2641950B1E73BAC900D16C95;
					};
					2641952A1E73BACA00D16C95 = {
						CreatedOnToolsVersion = 8.0;
						ProvisioningStyle = Automatic;
						TestTargetID = 2641950B1E73BAC900D16C95;
					};
				};
			};
			buildConfigurationList = 264195071E73BAC900D16C95 /* Build configuration list for PBXProject "ItsLitstagram" */;
			compatibilityVersion = "Xcode 3.2";
			developmentRegion = English;
			hasScannedForEncodings = 0;
			knownRegions = (
				en,
				Base,
			);
			mainGroup = 264195031E73BAC900D16C95;
			productRefGroup = 2641950D1E73BAC900D16C95 /* Products */;
			projectDirPath = "";
			projectRoot = "";
			targets = (
				2641950B1E73BAC900D16C95 /* ItsLitstagram */,
				2641951F1E73BACA00D16C95 /* ItsLitstagramTests */,
				2641952A1E73BACA00D16C95 /* ItsLitstagramUITests */,
			);
		};
/* End PBXProject section */

/* Begin PBXResourcesBuildPhase section */
		2641950A1E73BAC900D16C95 /* Resources */ = {
			isa = PBXResourcesBuildPhase;
			buildActionMask = 2147483647;
			files = (
				2641951A1E73BAC900D16C95 /* LaunchScreen.storyboard in Resources */,
				264195171E73BAC900D16C95 /* Assets.xcassets in Resources */,
				264195151E73BAC900D16C95 /* Main.storyboard in Resources */,
			);
			runOnlyForDeploymentPostprocessing = 0;
		};
		2641951E1E73BACA00D16C95 /* Resources */ = {
			isa = PBXResourcesBuildPhase;
			buildActionMask = 2147483647;
			files = (
			);
			runOnlyForDeploymentPostprocessing = 0;
		};
		264195291E73BACA00D16C95 /* Resources */ = {
			isa = PBXResourcesBuildPhase;
			buildActionMask = 2147483647;
			files = (
			);
			runOnlyForDeploymentPostprocessing = 0;
		};
/* End PBXResourcesBuildPhase section */

/* Begin PBXSourcesBuildPhase section */
		264195081E73BAC900D16C95 /* Sources */ = {
			isa = PBXSourcesBuildPhase;
			buildActionMask = 2147483647;
			files = (
				264195121E73BAC900D16C95 /* ViewController.swift in Sources */,
				264195101E73BAC900D16C95 /* AppDelegate.swift in Sources */,
			);
			runOnlyForDeploymentPostprocessing = 0;
		};
		2641951C1E73BACA00D16C95 /* Sources */ = {
			isa = PBXSourcesBuildPhase;
			buildActionMask = 2147483647;
			files = (
				264195251E73BACA00D16C95 /* ItsLitstagramTests.swift in Sources */,
			);
			runOnlyForDeploymentPostprocessing = 0;
		};
		264195271E73BACA00D16C95 /* Sources */ = {
			isa = PBXSourcesBuildPhase;
			buildActionMask = 2147483647;
			files = (
				264195301E73BACA00D16C95 /* ItsLitstagramUITests.swift in Sources */,
			);
			runOnlyForDeploymentPostprocessing = 0;
		};
/* End PBXSourcesBuildPhase section */

/* Begin PBXTargetDependency section */
		264195221E73BACA00D16C95 /* PBXTargetDependency */ = {
			isa = PBXTargetDependency;
			target = 2641950B1E73BAC900D16C95 /* ItsLitstagram */;
			targetProxy = 264195211E73BACA00D16C95 /* PBXContainerItemProxy */;
		};
		2641952D1E73BACA00D16C95 /* PBXTargetDependency */ = {
			isa = PBXTargetDependency;
			target = 2641950B1E73BAC900D16C95 /* ItsLitstagram */;
			targetProxy = 2641952C1E73BACA00D16C95 /* PBXContainerItemProxy */;
		};
/* End PBXTargetDependency section */

/* Begin PBXVariantGroup section */
		264195131E73BAC900D16C95 /* Main.storyboard */ = {
			isa = PBXVariantGroup;
			children = (
				264195141E73BAC900D16C95 /* Base */,
			);
			name = Main.storyboard;
			sourceTree = "<group>";
		};
		264195181E73BAC900D16C95 /* LaunchScreen.storyboard */ = {
			isa = PBXVariantGroup;
			children = (
				264195191E73BAC900D16C95 /* Base */,
			);
			name = LaunchScreen.storyboard;
			sourceTree = "<group>";
		};
/* End PBXVariantGroup section */

/* Begin XCBuildConfiguration section */
		264195321E73BACA00D16C95 /* Debug */ = {
			isa = XCBuildConfiguration;
			buildSettings = {
				ALWAYS_SEARCH_USER_PATHS = NO;
				CLANG_ANALYZER_NONNULL = YES;
				CLANG_CXX_LANGUAGE_STANDARD = "gnu++0x";
				CLANG_CXX_LIBRARY = "libc++";
				CLANG_ENABLE_MODULES = YES;
				CLANG_ENABLE_OBJC_ARC = YES;
				CLANG_WARN_BOOL_CONVERSION = YES;
				CLANG_WARN_CONSTANT_CONVERSION = YES;
				CLANG_WARN_DIRECT_OBJC_ISA_USAGE = YES_ERROR;
				CLANG_WARN_DOCUMENTATION_COMMENTS = YES;
				CLANG_WARN_EMPTY_BODY = YES;
				CLANG_WARN_ENUM_CONVERSION = YES;
				CLANG_WARN_INFINITE_RECURSION = YES;
				CLANG_WARN_INT_CONVERSION = YES;
				CLANG_WARN_OBJC_ROOT_CLASS = YES_ERROR;
				CLANG_WARN_SUSPICIOUS_MOVES = YES;
				CLANG_WARN_UNREACHABLE_CODE = YES;
				CLANG_WARN__DUPLICATE_METHOD_MATCH = YES;
				"CODE_SIGN_IDENTITY[sdk=iphoneos*]" = "iPhone Developer";
				COPY_PHASE_STRIP = NO;
				DEBUG_INFORMATION_FORMAT = dwarf;
				ENABLE_STRICT_OBJC_MSGSEND = YES;
				ENABLE_TESTABILITY = YES;
				GCC_C_LANGUAGE_STANDARD = gnu99;
				GCC_DYNAMIC_NO_PIC = NO;
				GCC_NO_COMMON_BLOCKS = YES;
				GCC_OPTIMIZATION_LEVEL = 0;
				GCC_PREPROCESSOR_DEFINITIONS = (
					"DEBUG=1",
					"$(inherited)",
				);
				GCC_WARN_64_TO_32_BIT_CONVERSION = YES;
				GCC_WARN_ABOUT_RETURN_TYPE = YES_ERROR;
				GCC_WARN_UNDECLARED_SELECTOR = YES;
				GCC_WARN_UNINITIALIZED_AUTOS = YES_AGGRESSIVE;
				GCC_WARN_UNUSED_FUNCTION = YES;
				GCC_WARN_UNUSED_VARIABLE = YES;
				IPHONEOS_DEPLOYMENT_TARGET = 10.0;
				MTL_ENABLE_DEBUG_INFO = YES;
				ONLY_ACTIVE_ARCH = YES;
				SDKROOT = iphoneos;
				SWIFT_ACTIVE_COMPILATION_CONDITIONS = DEBUG;
				SWIFT_OPTIMIZATION_LEVEL = "-Onone";
				TARGETED_DEVICE_FAMILY = "1,2";
			};
			name = Debug;
		};
		264195331E73BACA00D16C95 /* Release */ = {
			isa = XCBuildConfiguration;
			buildSettings = {
				ALWAYS_SEARCH_USER_PATHS = NO;
				CLANG_ANALYZER_NONNULL = YES;
				CLANG_CXX_LANGUAGE_STANDARD = "gnu++0x";
				CLANG_CXX_LIBRARY = "libc++";
				CLANG_ENABLE_MODULES = YES;
				CLANG_ENABLE_OBJC_ARC = YES;
				CLANG_WARN_BOOL_CONVERSION = YES;
				CLANG_WARN_CONSTANT_CONVERSION = YES;
				CLANG_WARN_DIRECT_OBJC_ISA_USAGE = YES_ERROR;
				CLANG_WARN_DOCUMENTATION_COMMENTS = YES;
				CLANG_WARN_EMPTY_BODY = YES;
				CLANG_WARN_ENUM_CONVERSION = YES;
				CLANG_WARN_INFINITE_RECURSION = YES;
				CLANG_WARN_INT_CONVERSION = YES;
				CLANG_WARN_OBJC_ROOT_CLASS = YES_ERROR;
				CLANG_WARN_SUSPICIOUS_MOVES = YES;
				CLANG_WARN_UNREACHABLE_CODE = YES;
				CLANG_WARN__DUPLICATE_METHOD_MATCH = YES;
				"CODE_SIGN_IDENTITY[sdk=iphoneos*]" = "iPhone Developer";
				COPY_PHASE_STRIP = NO;
				DEBUG_INFORMATION_FORMAT = "dwarf-with-dsym";
				ENABLE_NS_ASSERTIONS = NO;
				ENABLE_STRICT_OBJC_MSGSEND = YES;
				GCC_C_LANGUAGE_STANDARD = gnu99;
				GCC_NO_COMMON_BLOCKS = YES;
				GCC_WARN_64_TO_32_BIT_CONVERSION = YES;
				GCC_WARN_ABOUT_RETURN_TYPE = YES_ERROR;
				GCC_WARN_UNDECLARED_SELECTOR = YES;
				GCC_WARN_UNINITIALIZED_AUTOS = YES_AGGRESSIVE;
				GCC_WARN_UNUSED_FUNCTION = YES;
				GCC_WARN_UNUSED_VARIABLE = YES;
				IPHONEOS_DEPLOYMENT_TARGET = 10.0;
				MTL_ENABLE_DEBUG_INFO = NO;
				SDKROOT = iphoneos;
				SWIFT_OPTIMIZATION_LEVEL = "-Owholemodule";
				TARGETED_DEVICE_FAMILY = "1,2";
				VALIDATE_PRODUCT = YES;
			};
			name = Release;
		};
		264195351E73BACA00D16C95 /* Debug */ = {
			isa = XCBuildConfiguration;
			buildSettings = {
				ASSETCATALOG_COMPILER_APPICON_NAME = AppIcon;
				INFOPLIST_FILE = ItsLitstagram/Info.plist;
				LD_RUNPATH_SEARCH_PATHS = "$(inherited) @executable_path/Frameworks";
				PRODUCT_BUNDLE_IDENTIFIER = codepath.ItsLitstagram;
				PRODUCT_NAME = "$(TARGET_NAME)";
				SWIFT_VERSION = 3.0;
			};
			name = Debug;
		};
		264195361E73BACA00D16C95 /* Release */ = {
			isa = XCBuildConfiguration;
			buildSettings = {
				ASSETCATALOG_COMPILER_APPICON_NAME = AppIcon;
				INFOPLIST_FILE = ItsLitstagram/Info.plist;
				LD_RUNPATH_SEARCH_PATHS = "$(inherited) @executable_path/Frameworks";
				PRODUCT_BUNDLE_IDENTIFIER = codepath.ItsLitstagram;
				PRODUCT_NAME = "$(TARGET_NAME)";
				SWIFT_VERSION = 3.0;
			};
			name = Release;
		};
		264195381E73BACA00D16C95 /* Debug */ = {
			isa = XCBuildConfiguration;
			buildSettings = {
				ALWAYS_EMBED_SWIFT_STANDARD_LIBRARIES = YES;
				BUNDLE_LOADER = "$(TEST_HOST)";
				INFOPLIST_FILE = ItsLitstagramTests/Info.plist;
				LD_RUNPATH_SEARCH_PATHS = "$(inherited) @executable_path/Frameworks @loader_path/Frameworks";
				PRODUCT_BUNDLE_IDENTIFIER = codepath.ItsLitstagramTests;
				PRODUCT_NAME = "$(TARGET_NAME)";
				SWIFT_VERSION = 3.0;
				TEST_HOST = "$(BUILT_PRODUCTS_DIR)/ItsLitstagram.app/ItsLitstagram";
			};
			name = Debug;
		};
		264195391E73BACA00D16C95 /* Release */ = {
			isa = XCBuildConfiguration;
			buildSettings = {
				ALWAYS_EMBED_SWIFT_STANDARD_LIBRARIES = YES;
				BUNDLE_LOADER = "$(TEST_HOST)";
				INFOPLIST_FILE = ItsLitstagramTests/Info.plist;
				LD_RUNPATH_SEARCH_PATHS = "$(inherited) @executable_path/Frameworks @loader_path/Frameworks";
				PRODUCT_BUNDLE_IDENTIFIER = codepath.ItsLitstagramTests;
				PRODUCT_NAME = "$(TARGET_NAME)";
				SWIFT_VERSION = 3.0;
				TEST_HOST = "$(BUILT_PRODUCTS_DIR)/ItsLitstagram.app/ItsLitstagram";
			};
			name = Release;
		};
		2641953B1E73BACA00D16C95 /* Debug */ = {
			isa = XCBuildConfiguration;
			buildSettings = {
				ALWAYS_EMBED_SWIFT_STANDARD_LIBRARIES = YES;
				INFOPLIST_FILE = ItsLitstagramUITests/Info.plist;
				LD_RUNPATH_SEARCH_PATHS = "$(inherited) @executable_path/Frameworks @loader_path/Frameworks";
				PRODUCT_BUNDLE_IDENTIFIER = codepath.ItsLitstagramUITests;
				PRODUCT_NAME = "$(TARGET_NAME)";
				SWIFT_VERSION = 3.0;
				TEST_TARGET_NAME = ItsLitstagram;
			};
			name = Debug;
		};
		2641953C1E73BACA00D16C95 /* Release */ = {
			isa = XCBuildConfiguration;
			buildSettings = {
				ALWAYS_EMBED_SWIFT_STANDARD_LIBRARIES = YES;
				INFOPLIST_FILE = ItsLitstagramUITests/Info.plist;
				LD_RUNPATH_SEARCH_PATHS = "$(inherited) @executable_path/Frameworks @loader_path/Frameworks";
				PRODUCT_BUNDLE_IDENTIFIER = codepath.ItsLitstagramUITests;
				PRODUCT_NAME = "$(TARGET_NAME)";
				SWIFT_VERSION = 3.0;
				TEST_TARGET_NAME = ItsLitstagram;
			};
			name = Release;
		};
/* End XCBuildConfiguration section */

/* Begin XCConfigurationList section */
		264195071E73BAC900D16C95 /* Build configuration list for PBXProject "ItsLitstagram" */ = {
			isa = XCConfigurationList;
			buildConfigurations = (
				264195321E73BACA00D16C95 /* Debug */,
				264195331E73BACA00D16C95 /* Release */,
			);
			defaultConfigurationIsVisible = 0;
			defaultConfigurationName = Release;
		};
		264195341E73BACA00D16C95 /* Build configuration list for PBXNativeTarget "ItsLitstagram" */ = {
			isa = XCConfigurationList;
			buildConfigurations = (
				264195351E73BACA00D16C95 /* Debug */,
				264195361E73BACA00D16C95 /* Release */,
			);
			defaultConfigurationIsVisible = 0;
		};
		264195371E73BACA00D16C95 /* Build configuration list for PBXNativeTarget "ItsLitstagramTests" */ = {
			isa = XCConfigurationList;
			buildConfigurations = (
				264195381E73BACA00D16C95 /* Debug */,
				264195391E73BACA00D16C95 /* Release */,
			);
			defaultConfigurationIsVisible = 0;
		};
		2641953A1E73BACA00D16C95 /* Build configuration list for PBXNativeTarget "ItsLitstagramUITests" */ = {
			isa = XCConfigurationList;
			buildConfigurations = (
				2641953B1E73BACA00D16C95 /* Debug */,
				2641953C1E73BACA00D16C95 /* Release */,
			);
			defaultConfigurationIsVisible = 0;
		};
/* End XCConfigurationList section */
	};
	rootObject = 264195041E73BAC900D16C95 /* Project object */;
}
